// !$*UTF8*$!
{
	archiveVersion = 1;
	classes = {
	};
	objectVersion = 46;
	objects = {

/* Begin PBXBuildFile section */
		2428276B1A3EF9C8002E9B13 /* RentalManagerAppDelegate.m in Sources */ = {isa = PBXBuildFile; fileRef = 2428276A1A3EF9C8002E9B13 /* RentalManagerAppDelegate.m */; };
		2428276E1A3EFA49002E9B13 /* RootViewController.m in Sources */ = {isa = PBXBuildFile; fileRef = 2428276D1A3EFA49002E9B13 /* RootViewController.m */; };
		242827701A3EFB39002E9B13 /* MainWindow.xib in Resources */ = {isa = PBXBuildFile; fileRef = 2428276F1A3EFB39002E9B13 /* MainWindow.xib */; };
		242827721A3EFB43002E9B13 /* RootViewController.xib in Resources */ = {isa = PBXBuildFile; fileRef = 242827711A3EFB43002E9B13 /* RootViewController.xib */; };
		248918DD1A3EF7380075B8CD /* main.m in Sources */ = {isa = PBXBuildFile; fileRef = 248918DC1A3EF7380075B8CD /* main.m */; };
		248918E01A3EF7380075B8CD /* AppDelegate.m in Sources */ = {isa = PBXBuildFile; fileRef = 248918DF1A3EF7380075B8CD /* AppDelegate.m */; };
		248918E81A3EF7380075B8CD /* Images.xcassets in Resources */ = {isa = PBXBuildFile; fileRef = 248918E71A3EF7380075B8CD /* Images.xcassets */; };
		248918F71A3EF7390075B8CD /* RentalManagerTests.m in Sources */ = {isa = PBXBuildFile; fileRef = 248918F61A3EF7390075B8CD /* RentalManagerTests.m */; };
/* End PBXBuildFile section */

/* Begin PBXContainerItemProxy section */
		248918F11A3EF7390075B8CD /* PBXContainerItemProxy */ = {
			isa = PBXContainerItemProxy;
			containerPortal = 248918CF1A3EF7380075B8CD /* Project object */;
			proxyType = 1;
			remoteGlobalIDString = 248918D61A3EF7380075B8CD;
			remoteInfo = RentalManager;
		};
/* End PBXContainerItemProxy section */

/* Begin PBXFileReference section */
		242827691A3EF9C8002E9B13 /* RentalManagerAppDelegate.h */ = {isa = PBXFileReference; fileEncoding = 4; lastKnownFileType = sourcecode.c.h; path = RentalManagerAppDelegate.h; sourceTree = "<group>"; };
		2428276A1A3EF9C8002E9B13 /* RentalManagerAppDelegate.m */ = {isa = PBXFileReference; fileEncoding = 4; lastKnownFileType = sourcecode.c.objc; path = RentalManagerAppDelegate.m; sourceTree = "<group>"; };
		2428276C1A3EFA49002E9B13 /* RootViewController.h */ = {isa = PBXFileReference; fileEncoding = 4; lastKnownFileType = sourcecode.c.h; path = RootViewController.h; sourceTree = "<group>"; };
		2428276D1A3EFA49002E9B13 /* RootViewController.m */ = {isa = PBXFileReference; fileEncoding = 4; lastKnownFileType = sourcecode.c.objc; path = RootViewController.m; sourceTree = "<group>"; };
		2428276F1A3EFB39002E9B13 /* MainWindow.xib */ = {isa = PBXFileReference; fileEncoding = 4; lastKnownFileType = file.xib; path = MainWindow.xib; sourceTree = "<group>"; };
		242827711A3EFB43002E9B13 /* RootViewController.xib */ = {isa = PBXFileReference; fileEncoding = 4; lastKnownFileType = file.xib; path = RootViewController.xib; sourceTree = "<group>"; };
		242827A51A3F1B6C002E9B13 /* RentalProperty.h */ = {isa = PBXFileReference; fileEncoding = 4; lastKnownFileType = sourcecode.c.h; path = RentalProperty.h; sourceTree = "<group>"; };
		248918D71A3EF7380075B8CD /* RentalManager.app */ = {isa = PBXFileReference; explicitFileType = wrapper.application; includeInIndex = 0; path = RentalManager.app; sourceTree = BUILT_PRODUCTS_DIR; };
		248918DB1A3EF7380075B8CD /* Info.plist */ = {isa = PBXFileReference; lastKnownFileType = text.plist.xml; path = Info.plist; sourceTree = "<group>"; };
		248918DC1A3EF7380075B8CD /* main.m */ = {isa = PBXFileReference; lastKnownFileType = sourcecode.c.objc; path = main.m; sourceTree = "<group>"; };
		248918DE1A3EF7380075B8CD /* AppDelegate.h */ = {isa = PBXFileReference; lastKnownFileType = sourcecode.c.h; path = AppDelegate.h; sourceTree = "<group>"; };
		248918DF1A3EF7380075B8CD /* AppDelegate.m */ = {isa = PBXFileReference; lastKnownFileType = sourcecode.c.objc; path = AppDelegate.m; sourceTree = "<group>"; };
		248918E71A3EF7380075B8CD /* Images.xcassets */ = {isa = PBXFileReference; lastKnownFileType = folder.assetcatalog; path = Images.xcassets; sourceTree = "<group>"; };
		248918F01A3EF7390075B8CD /* RentalManagerTests.xctest */ = {isa = PBXFileReference; explicitFileType = wrapper.cfbundle; includeInIndex = 0; path = RentalManagerTests.xctest; sourceTree = BUILT_PRODUCTS_DIR; };
		248918F51A3EF7390075B8CD /* Info.plist */ = {isa = PBXFileReference; lastKnownFileType = text.plist.xml; path = Info.plist; sourceTree = "<group>"; };
		248918F61A3EF7390075B8CD /* RentalManagerTests.m */ = {isa = PBXFileReference; lastKnownFileType = sourcecode.c.objc; path = RentalManagerTests.m; sourceTree = "<group>"; };
/* End PBXFileReference section */

/* Begin PBXFrameworksBuildPhase section */
		248918D41A3EF7380075B8CD /* Frameworks */ = {
			isa = PBXFrameworksBuildPhase;
			buildActionMask = 2147483647;
			files = (
			);
			runOnlyForDeploymentPostprocessing = 0;
		};
		248918ED1A3EF7390075B8CD /* Frameworks */ = {
			isa = PBXFrameworksBuildPhase;
			buildActionMask = 2147483647;
			files = (
			);
			runOnlyForDeploymentPostprocessing = 0;
		};
/* End PBXFrameworksBuildPhase section */

/* Begin PBXGroup section */
		248918CE1A3EF7380075B8CD = {
			isa = PBXGroup;
			children = (
				248918D91A3EF7380075B8CD /* RentalManager */,
				248918F31A3EF7390075B8CD /* RentalManagerTests */,
				248918D81A3EF7380075B8CD /* Products */,
			);
			sourceTree = "<group>";
		};
		248918D81A3EF7380075B8CD /* Products */ = {
			isa = PBXGroup;
			children = (
				248918D71A3EF7380075B8CD /* RentalManager.app */,
				248918F01A3EF7390075B8CD /* RentalManagerTests.xctest */,
			);
			name = Products;
			sourceTree = "<group>";
		};
		248918D91A3EF7380075B8CD /* RentalManager */ = {
			isa = PBXGroup;
			children = (
				242827691A3EF9C8002E9B13 /* RentalManagerAppDelegate.h */,
				2428276A1A3EF9C8002E9B13 /* RentalManagerAppDelegate.m */,
				248918DE1A3EF7380075B8CD /* AppDelegate.h */,
				248918DF1A3EF7380075B8CD /* AppDelegate.m */,
				2428276C1A3EFA49002E9B13 /* RootViewController.h */,
				2428276D1A3EFA49002E9B13 /* RootViewController.m */,
				2428276F1A3EFB39002E9B13 /* MainWindow.xib */,
				242827711A3EFB43002E9B13 /* RootViewController.xib */,
				248918E71A3EF7380075B8CD /* Images.xcassets */,
				248918DA1A3EF7380075B8CD /* Supporting Files */,
				242827A51A3F1B6C002E9B13 /* RentalProperty.h */,
			);
			path = RentalManager;
			sourceTree = "<group>";
		};
		248918DA1A3EF7380075B8CD /* Supporting Files */ = {
			isa = PBXGroup;
			children = (
				248918DB1A3EF7380075B8CD /* Info.plist */,
				248918DC1A3EF7380075B8CD /* main.m */,
			);
			name = "Supporting Files";
			sourceTree = "<group>";
		};
		248918F31A3EF7390075B8CD /* RentalManagerTests */ = {
			isa = PBXGroup;
			children = (
				248918F61A3EF7390075B8CD /* RentalManagerTests.m */,
				248918F41A3EF7390075B8CD /* Supporting Files */,
			);
			path = RentalManagerTests;
			sourceTree = "<group>";
		};
		248918F41A3EF7390075B8CD /* Supporting Files */ = {
			isa = PBXGroup;
			children = (
				248918F51A3EF7390075B8CD /* Info.plist */,
			);
			name = "Supporting Files";
			sourceTree = "<group>";
		};
/* End PBXGroup section */

/* Begin PBXNativeTarget section */
		248918D61A3EF7380075B8CD /* RentalManager */ = {
			isa = PBXNativeTarget;
			buildConfigurationList = 248918FA1A3EF7390075B8CD /* Build configuration list for PBXNativeTarget "RentalManager" */;
			buildPhases = (
				248918D31A3EF7380075B8CD /* Sources */,
				248918D41A3EF7380075B8CD /* Frameworks */,
				248918D51A3EF7380075B8CD /* Resources */,
			);
			buildRules = (
			);
			dependencies = (
			);
			name = RentalManager;
			productName = RentalManager;
			productReference = 248918D71A3EF7380075B8CD /* RentalManager.app */;
			productType = "com.apple.product-type.application";
		};
		248918EF1A3EF7390075B8CD /* RentalManagerTests */ = {
			isa = PBXNativeTarget;
			buildConfigurationList = 248918FD1A3EF7390075B8CD /* Build configuration list for PBXNativeTarget "RentalManagerTests" */;
			buildPhases = (
				248918EC1A3EF7390075B8CD /* Sources */,
				248918ED1A3EF7390075B8CD /* Frameworks */,
				248918EE1A3EF7390075B8CD /* Resources */,
			);
			buildRules = (
			);
			dependencies = (
				248918F21A3EF7390075B8CD /* PBXTargetDependency */,
			);
			name = RentalManagerTests;
			productName = RentalManagerTests;
			productReference = 248918F01A3EF7390075B8CD /* RentalManagerTests.xctest */;
			productType = "com.apple.product-type.bundle.unit-test";
		};
/* End PBXNativeTarget section */

/* Begin PBXProject section */
		248918CF1A3EF7380075B8CD /* Project object */ = {
			isa = PBXProject;
			attributes = {
				LastUpgradeCheck = 0610;
				ORGANIZATIONNAME = "Piotr Mlynarski";
				TargetAttributes = {
					248918D61A3EF7380075B8CD = {
						CreatedOnToolsVersion = 6.1.1;
					};
					248918EF1A3EF7390075B8CD = {
						CreatedOnToolsVersion = 6.1.1;
						TestTargetID = 248918D61A3EF7380075B8CD;
					};
				};
			};
			buildConfigurationList = 248918D21A3EF7380075B8CD /* Build configuration list for PBXProject "RentalManager" */;
			compatibilityVersion = "Xcode 3.2";
			developmentRegion = English;
			hasScannedForEncodings = 0;
			knownRegions = (
				en,
				Base,
			);
			mainGroup = 248918CE1A3EF7380075B8CD;
			productRefGroup = 248918D81A3EF7380075B8CD /* Products */;
			projectDirPath = "";
			projectRoot = "";
			targets = (
				248918D61A3EF7380075B8CD /* RentalManager */,
				248918EF1A3EF7390075B8CD /* RentalManagerTests */,
			);
		};
/* End PBXProject section */

/* Begin PBXResourcesBuildPhase section */
		248918D51A3EF7380075B8CD /* Resources */ = {
			isa = PBXResourcesBuildPhase;
			buildActionMask = 2147483647;
			files = (
				242827701A3EFB39002E9B13 /* MainWindow.xib in Resources */,
				242827721A3EFB43002E9B13 /* RootViewController.xib in Resources */,
				248918E81A3EF7380075B8CD /* Images.xcassets in Resources */,
			);
			runOnlyForDeploymentPostprocessing = 0;
		};
		248918EE1A3EF7390075B8CD /* Resources */ = {
			isa = PBXResourcesBuildPhase;
			buildActionMask = 2147483647;
			files = (
			);
			runOnlyForDeploymentPostprocessing = 0;
		};
/* End PBXResourcesBuildPhase section */

/* Begin PBXSourcesBuildPhase section */
		248918D31A3EF7380075B8CD /* Sources */ = {
			isa = PBXSourcesBuildPhase;
			buildActionMask = 2147483647;
			files = (
				248918E01A3EF7380075B8CD /* AppDelegate.m in Sources */,
				2428276B1A3EF9C8002E9B13 /* RentalManagerAppDelegate.m in Sources */,
				248918DD1A3EF7380075B8CD /* main.m in Sources */,
				2428276E1A3EFA49002E9B13 /* RootViewController.m in Sources */,
			);
			runOnlyForDeploymentPostprocessing = 0;
		};
		248918EC1A3EF7390075B8CD /* Sources */ = {
			isa = PBXSourcesBuildPhase;
			buildActionMask = 2147483647;
			files = (
				248918F71A3EF7390075B8CD /* RentalManagerTests.m in Sources */,
			);
			runOnlyForDeploymentPostprocessing = 0;
		};
/* End PBXSourcesBuildPhase section */

/* Begin PBXTargetDependency section */
		248918F21A3EF7390075B8CD /* PBXTargetDependency */ = {
			isa = PBXTargetDependency;
			target = 248918D61A3EF7380075B8CD /* RentalManager */;
			targetProxy = 248918F11A3EF7390075B8CD /* PBXContainerItemProxy */;
		};
/* End PBXTargetDependency section */

/* Begin XCBuildConfiguration section */
		248918F81A3EF7390075B8CD /* Debug */ = {
			isa = XCBuildConfiguration;
			buildSettings = {
				ALWAYS_SEARCH_USER_PATHS = NO;
				CLANG_CXX_LANGUAGE_STANDARD = "gnu++0x";
				CLANG_CXX_LIBRARY = "libc++";
				CLANG_ENABLE_MODULES = YES;
				CLANG_ENABLE_OBJC_ARC = YES;
				CLANG_WARN_BOOL_CONVERSION = YES;
				CLANG_WARN_CONSTANT_CONVERSION = YES;
				CLANG_WARN_DIRECT_OBJC_ISA_USAGE = YES_ERROR;
				CLANG_WARN_EMPTY_BODY = YES;
				CLANG_WARN_ENUM_CONVERSION = YES;
				CLANG_WARN_INT_CONVERSION = YES;
				CLANG_WARN_OBJC_ROOT_CLASS = YES_ERROR;
				CLANG_WARN_UNREACHABLE_CODE = YES;
				CLANG_WARN__DUPLICATE_METHOD_MATCH = YES;
				"CODE_SIGN_IDENTITY[sdk=iphoneos*]" = "iPhone Developer";
				COPY_PHASE_STRIP = NO;
				ENABLE_STRICT_OBJC_MSGSEND = YES;
				GCC_C_LANGUAGE_STANDARD = gnu99;
				GCC_DYNAMIC_NO_PIC = NO;
				GCC_OPTIMIZATION_LEVEL = 0;
				GCC_PREPROCESSOR_DEFINITIONS = (
					"DEBUG=1",
					"$(inherited)",
				);
				GCC_SYMBOLS_PRIVATE_EXTERN = NO;
				GCC_WARN_64_TO_32_BIT_CONVERSION = YES;
				GCC_WARN_ABOUT_RETURN_TYPE = YES_ERROR;
				GCC_WARN_UNDECLARED_SELECTOR = YES;
				GCC_WARN_UNINITIALIZED_AUTOS = YES_AGGRESSIVE;
				GCC_WARN_UNUSED_FUNCTION = YES;
				GCC_WARN_UNUSED_VARIABLE = YES;
				IPHONEOS_DEPLOYMENT_TARGET = 8.1;
				MTL_ENABLE_DEBUG_INFO = YES;
				ONLY_ACTIVE_ARCH = YES;
				SDKROOT = iphoneos;
				TARGETED_DEVICE_FAMILY = "1,2";
			};
			name = Debug;
		};
		248918F91A3EF7390075B8CD /* Release */ = {
			isa = XCBuildConfiguration;
			buildSettings = {
				ALWAYS_SEARCH_USER_PATHS = NO;
				CLANG_CXX_LANGUAGE_STANDARD = "gnu++0x";
				CLANG_CXX_LIBRARY = "libc++";
				CLANG_ENABLE_MODULES = YES;
				CLANG_ENABLE_OBJC_ARC = YES;
				CLANG_WARN_BOOL_CONVERSION = YES;
				CLANG_WARN_CONSTANT_CONVERSION = YES;
				CLANG_WARN_DIRECT_OBJC_ISA_USAGE = YES_ERROR;
				CLANG_WARN_EMPTY_BODY = YES;
				CLANG_WARN_ENUM_CONVERSION = YES;
				CLANG_WARN_INT_CONVERSION = YES;
				CLANG_WARN_OBJC_ROOT_CLASS = YES_ERROR;
				CLANG_WARN_UNREACHABLE_CODE = YES;
				CLANG_WARN__DUPLICATE_METHOD_MATCH = YES;
				"CODE_SIGN_IDENTITY[sdk=iphoneos*]" = "iPhone Developer";
				COPY_PHASE_STRIP = YES;
				ENABLE_NS_ASSERTIONS = NO;
				ENABLE_STRICT_OBJC_MSGSEND = YES;
				GCC_C_LANGUAGE_STANDARD = gnu99;
				GCC_WARN_64_TO_32_BIT_CONVERSION = YES;
				GCC_WARN_ABOUT_RETURN_TYPE = YES_ERROR;
				GCC_WARN_UNDECLARED_SELECTOR = YES;
				GCC_WARN_UNINITIALIZED_AUTOS = YES_AGGRESSIVE;
				GCC_WARN_UNUSED_FUNCTION = YES;
				GCC_WARN_UNUSED_VARIABLE = YES;
				IPHONEOS_DEPLOYMENT_TARGET = 8.1;
				MTL_ENABLE_DEBUG_INFO = NO;
				SDKROOT = iphoneos;
				TARGETED_DEVICE_FAMILY = "1,2";
				VALIDATE_PRODUCT = YES;
			};
			name = Release;
		};
		248918FB1A3EF7390075B8CD /* Debug */ = {
			isa = XCBuildConfiguration;
			buildSettings = {
				ASSETCATALOG_COMPILER_APPICON_NAME = AppIcon;
				INFOPLIST_FILE = RentalManager/Info.plist;
				LD_RUNPATH_SEARCH_PATHS = "$(inherited) @executable_path/Frameworks";
				PRODUCT_NAME = "$(TARGET_NAME)";
			};
			name = Debug;
		};
		248918FC1A3EF7390075B8CD /* Release */ = {
			isa = XCBuildConfiguration;
			buildSettings = {
				ASSETCATALOG_COMPILER_APPICON_NAME = AppIcon;
				INFOPLIST_FILE = RentalManager/Info.plist;
				LD_RUNPATH_SEARCH_PATHS = "$(inherited) @executable_path/Frameworks";
				PRODUCT_NAME = "$(TARGET_NAME)";
			};
			name = Release;
		};
		248918FE1A3EF7390075B8CD /* Debug */ = {
			isa = XCBuildConfiguration;
			buildSettings = {
				BUNDLE_LOADER = "$(TEST_HOST)";
				FRAMEWORK_SEARCH_PATHS = (
					"$(SDKROOT)/Developer/Library/Frameworks",
					"$(inherited)",
				);
				GCC_PREPROCESSOR_DEFINITIONS = (
					"DEBUG=1",
					"$(inherited)",
				);
				INFOPLIST_FILE = RentalManagerTests/Info.plist;
				LD_RUNPATH_SEARCH_PATHS = "$(inherited) @executable_path/Frameworks @loader_path/Frameworks";
				PRODUCT_NAME = "$(TARGET_NAME)";
				TEST_HOST = "$(BUILT_PRODUCTS_DIR)/RentalManager.app/RentalManager";
			};
			name = Debug;
		};
		248918FF1A3EF7390075B8CD /* Release */ = {
			isa = XCBuildConfiguration;
			buildSettings = {
				BUNDLE_LOADER = "$(TEST_HOST)";
				FRAMEWORK_SEARCH_PATHS = (
					"$(SDKROOT)/Developer/Library/Frameworks",
					"$(inherited)",
				);
				INFOPLIST_FILE = RentalManagerTests/Info.plist;
				LD_RUNPATH_SEARCH_PATHS = "$(inherited) @executable_path/Frameworks @loader_path/Frameworks";
				PRODUCT_NAME = "$(TARGET_NAME)";
				TEST_HOST = "$(BUILT_PRODUCTS_DIR)/RentalManager.app/RentalManager";
			};
			name = Release;
		};
/* End XCBuildConfiguration section */

/* Begin XCConfigurationList section */
		248918D21A3EF7380075B8CD /* Build configuration list for PBXProject "RentalManager" */ = {
			isa = XCConfigurationList;
			buildConfigurations = (
				248918F81A3EF7390075B8CD /* Debug */,
				248918F91A3EF7390075B8CD /* Release */,
			);
			defaultConfigurationIsVisible = 0;
			defaultConfigurationName = Release;
		};
		248918FA1A3EF7390075B8CD /* Build configuration list for PBXNativeTarget "RentalManager" */ = {
			isa = XCConfigurationList;
			buildConfigurations = (
				248918FB1A3EF7390075B8CD /* Debug */,
				248918FC1A3EF7390075B8CD /* Release */,
			);
			defaultConfigurationIsVisible = 0;
			defaultConfigurationName = Release;
		};
		248918FD1A3EF7390075B8CD /* Build configuration list for PBXNativeTarget "RentalManagerTests" */ = {
			isa = XCConfigurationList;
			buildConfigurations = (
				248918FE1A3EF7390075B8CD /* Debug */,
				248918FF1A3EF7390075B8CD /* Release */,
			);
			defaultConfigurationIsVisible = 0;
			defaultConfigurationName = Release;
		};
/* End XCConfigurationList section */
	};
	rootObject = 248918CF1A3EF7380075B8CD /* Project object */;
}
